{
  "name": "nodejs-apriori-affinity-analysis",
  "version": "1.0.0",
  "lockfileVersion": 1,
  "requires": true,
  "dependencies": {
    "events": {
      "version": "1.1.1",
      "resolved": "https://registry.npmjs.org/events/-/events-1.1.1.tgz",
      "integrity": "sha1-nr23Y1rQmccNzEwqH1AEKI6L2SQ="
    },
    "node-apriori": {
      "version": "1.0.0",
      "resolved": "https://registry.npmjs.org/node-apriori/-/node-apriori-1.0.0.tgz",
      "integrity": "sha512-bftMJaecamj/Gie9R6KRO6ZygkEcl64wAF0a3WTB2OrmFjbwYT1Xkk4sxmCUXHfXKRRfMB2ew5q7f6rgq002mQ==",
      "requires": {
        "events": "^1.1.1"
      }
    },
    "node-fpgrowth": {
      "version": "1.2.1",
      "resolved": "https://registry.npmjs.org/node-fpgrowth/-/node-fpgrowth-1.2.1.tgz",
      "integrity": "sha1-crwP2rUnHhpZ7daBPmHB2faDqtM=",
      "requires": {
        "events": "^1.1.1"
      }
    }
  }
}
